// !$*UTF8*$!
{
	archiveVersion = 1;
	classes = {
	};
	objectVersion = 46;
	objects = {

/* Begin PBXBuildFile section */
		496589061CE28DA4006BC319 /* AppDelegate.swift in Sources */ = {isa = PBXBuildFile; fileRef = 496589051CE28DA4006BC319 /* AppDelegate.swift */; };
		496589081CE28DA4006BC319 /* ViewController.swift in Sources */ = {isa = PBXBuildFile; fileRef = 496589071CE28DA4006BC319 /* ViewController.swift */; };
		4965890B1CE28DA4006BC319 /* Main.storyboard in Resources */ = {isa = PBXBuildFile; fileRef = 496589091CE28DA4006BC319 /* Main.storyboard */; };
		4965890D1CE28DA4006BC319 /* Assets.xcassets in Resources */ = {isa = PBXBuildFile; fileRef = 4965890C1CE28DA4006BC319 /* Assets.xcassets */; };
		496589101CE28DA4006BC319 /* LaunchScreen.storyboard in Resources */ = {isa = PBXBuildFile; fileRef = 4965890E1CE28DA4006BC319 /* LaunchScreen.storyboard */; };
		496589191CE2ED31006BC319 /* HelpPost.swift in Sources */ = {isa = PBXBuildFile; fileRef = 496589181CE2ED31006BC319 /* HelpPost.swift */; };
		4965891B1CE30615006BC319 /* SettingsViewController.swift in Sources */ = {isa = PBXBuildFile; fileRef = 4965891A1CE30615006BC319 /* SettingsViewController.swift */; };
		4965891D1CE30ABD006BC319 /* PeoplePost.swift in Sources */ = {isa = PBXBuildFile; fileRef = 4965891C1CE30ABD006BC319 /* PeoplePost.swift */; };
		496589521CE3B92E006BC319 /* CreateRequestViewController.swift in Sources */ = {isa = PBXBuildFile; fileRef = 496589511CE3B92E006BC319 /* CreateRequestViewController.swift */; };
		496589541CE443EC006BC319 /* Requests.storyboard in Resources */ = {isa = PBXBuildFile; fileRef = 496589531CE443EC006BC319 /* Requests.storyboard */; };
		496589561CE44462006BC319 /* CreateRequest.storyboard in Resources */ = {isa = PBXBuildFile; fileRef = 496589551CE44462006BC319 /* CreateRequest.storyboard */; };
		496589581CE44509006BC319 /* RequestsViewController.swift in Sources */ = {isa = PBXBuildFile; fileRef = 496589571CE44509006BC319 /* RequestsViewController.swift */; };
		4965895C1CE44621006BC319 /* Settings.storyboard in Resources */ = {isa = PBXBuildFile; fileRef = 4965895B1CE44621006BC319 /* Settings.storyboard */; };
		4965895F1CE46A03006BC319 /* UIColor+sampaitan.swift in Sources */ = {isa = PBXBuildFile; fileRef = 4965895E1CE46A03006BC319 /* UIColor+sampaitan.swift */; };
		496589611CE46CCA006BC319 /* SwitchTableViewCell.swift in Sources */ = {isa = PBXBuildFile; fileRef = 496589601CE46CCA006BC319 /* SwitchTableViewCell.swift */; };
		496589651CE4792C006BC319 /* Profile.storyboard in Resources */ = {isa = PBXBuildFile; fileRef = 496589641CE4792C006BC319 /* Profile.storyboard */; };
		496589681CE4799B006BC319 /* ProfileViewController.swift in Sources */ = {isa = PBXBuildFile; fileRef = 496589671CE4799B006BC319 /* ProfileViewController.swift */; };
		4965896B1CE47E19006BC319 /* ContactTableViewCell.swift in Sources */ = {isa = PBXBuildFile; fileRef = 4965896A1CE47E19006BC319 /* ContactTableViewCell.swift */; };
		4965896D1CE48F4B006BC319 /* RequestViewController.swift in Sources */ = {isa = PBXBuildFile; fileRef = 4965896C1CE48F4B006BC319 /* RequestViewController.swift */; };
		4965896F1CE48F6E006BC319 /* Request.storyboard in Resources */ = {isa = PBXBuildFile; fileRef = 4965896E1CE48F6E006BC319 /* Request.storyboard */; };
/* End PBXBuildFile section */

/* Begin PBXFileReference section */
		496589021CE28DA4006BC319 /* samapitan.app */ = {isa = PBXFileReference; explicitFileType = wrapper.application; includeInIndex = 0; path = samapitan.app; sourceTree = BUILT_PRODUCTS_DIR; };
		496589051CE28DA4006BC319 /* AppDelegate.swift */ = {isa = PBXFileReference; lastKnownFileType = sourcecode.swift; path = AppDelegate.swift; sourceTree = "<group>"; };
		496589071CE28DA4006BC319 /* ViewController.swift */ = {isa = PBXFileReference; lastKnownFileType = sourcecode.swift; path = ViewController.swift; sourceTree = "<group>"; };
		4965890A1CE28DA4006BC319 /* Base */ = {isa = PBXFileReference; lastKnownFileType = file.storyboard; name = Base; path = Base.lproj/Main.storyboard; sourceTree = "<group>"; };
		4965890C1CE28DA4006BC319 /* Assets.xcassets */ = {isa = PBXFileReference; lastKnownFileType = folder.assetcatalog; path = Assets.xcassets; sourceTree = "<group>"; };
		4965890F1CE28DA4006BC319 /* Base */ = {isa = PBXFileReference; lastKnownFileType = file.storyboard; name = Base; path = Base.lproj/LaunchScreen.storyboard; sourceTree = "<group>"; };
		496589111CE28DA4006BC319 /* Info.plist */ = {isa = PBXFileReference; lastKnownFileType = text.plist.xml; path = Info.plist; sourceTree = "<group>"; };
		496589181CE2ED31006BC319 /* HelpPost.swift */ = {isa = PBXFileReference; fileEncoding = 4; lastKnownFileType = sourcecode.swift; path = HelpPost.swift; sourceTree = "<group>"; };
		4965891A1CE30615006BC319 /* SettingsViewController.swift */ = {isa = PBXFileReference; fileEncoding = 4; lastKnownFileType = sourcecode.swift; path = SettingsViewController.swift; sourceTree = "<group>"; };
		4965891C1CE30ABD006BC319 /* PeoplePost.swift */ = {isa = PBXFileReference; fileEncoding = 4; lastKnownFileType = sourcecode.swift; path = PeoplePost.swift; sourceTree = "<group>"; };
		496589511CE3B92E006BC319 /* CreateRequestViewController.swift */ = {isa = PBXFileReference; fileEncoding = 4; lastKnownFileType = sourcecode.swift; path = CreateRequestViewController.swift; sourceTree = "<group>"; };
		496589531CE443EC006BC319 /* Requests.storyboard */ = {isa = PBXFileReference; fileEncoding = 4; lastKnownFileType = file.storyboard; path = Requests.storyboard; sourceTree = "<group>"; };
		496589551CE44462006BC319 /* CreateRequest.storyboard */ = {isa = PBXFileReference; fileEncoding = 4; lastKnownFileType = file.storyboard; path = CreateRequest.storyboard; sourceTree = "<group>"; };
		496589571CE44509006BC319 /* RequestsViewController.swift */ = {isa = PBXFileReference; fileEncoding = 4; lastKnownFileType = sourcecode.swift; path = RequestsViewController.swift; sourceTree = "<group>"; };
		4965895B1CE44621006BC319 /* Settings.storyboard */ = {isa = PBXFileReference; fileEncoding = 4; lastKnownFileType = file.storyboard; path = Settings.storyboard; sourceTree = "<group>"; };
		4965895E1CE46A03006BC319 /* UIColor+sampaitan.swift */ = {isa = PBXFileReference; fileEncoding = 4; lastKnownFileType = sourcecode.swift; path = "UIColor+sampaitan.swift"; sourceTree = "<group>"; };
		496589601CE46CCA006BC319 /* SwitchTableViewCell.swift */ = {isa = PBXFileReference; fileEncoding = 4; lastKnownFileType = sourcecode.swift; path = SwitchTableViewCell.swift; sourceTree = "<group>"; };
		496589641CE4792C006BC319 /* Profile.storyboard */ = {isa = PBXFileReference; fileEncoding = 4; lastKnownFileType = file.storyboard; path = Profile.storyboard; sourceTree = "<group>"; };
		496589671CE4799B006BC319 /* ProfileViewController.swift */ = {isa = PBXFileReference; fileEncoding = 4; lastKnownFileType = sourcecode.swift; path = ProfileViewController.swift; sourceTree = "<group>"; };
		4965896A1CE47E19006BC319 /* ContactTableViewCell.swift */ = {isa = PBXFileReference; fileEncoding = 4; lastKnownFileType = sourcecode.swift; path = ContactTableViewCell.swift; sourceTree = "<group>"; };
		4965896C1CE48F4B006BC319 /* RequestViewController.swift */ = {isa = PBXFileReference; fileEncoding = 4; lastKnownFileType = sourcecode.swift; path = RequestViewController.swift; sourceTree = "<group>"; };
		4965896E1CE48F6E006BC319 /* Request.storyboard */ = {isa = PBXFileReference; fileEncoding = 4; lastKnownFileType = file.storyboard; path = Request.storyboard; sourceTree = "<group>"; };
/* End PBXFileReference section */

/* Begin PBXFrameworksBuildPhase section */
		496588FF1CE28DA4006BC319 /* Frameworks */ = {
			isa = PBXFrameworksBuildPhase;
			buildActionMask = 2147483647;
			files = (
			);
			runOnlyForDeploymentPostprocessing = 0;
		};
/* End PBXFrameworksBuildPhase section */

/* Begin PBXGroup section */
		496588F91CE28DA3006BC319 = {
			isa = PBXGroup;
			children = (
				496589041CE28DA4006BC319 /* samapitan */,
				496589031CE28DA4006BC319 /* Products */,
			);
			sourceTree = "<group>";
		};
		496589031CE28DA4006BC319 /* Products */ = {
			isa = PBXGroup;
			children = (
				496589021CE28DA4006BC319 /* samapitan.app */,
			);
			name = Products;
			sourceTree = "<group>";
		};
		496589041CE28DA4006BC319 /* samapitan */ = {
			isa = PBXGroup;
			children = (
				4965894F1CE3B911006BC319 /* Support */,
				4965895E1CE46A03006BC319 /* UIColor+sampaitan.swift */,
				496589501CE3B91D006BC319 /* Annotation */,
				496589071CE28DA4006BC319 /* ViewController.swift */,
				496589091CE28DA4006BC319 /* Main.storyboard */,
				496589661CE47930006BC319 /* Profile */,
				4965895D1CE4465D006BC319 /* Settings */,
				4965895A1CE4451F006BC319 /* Add new Request */,
				496589591CE44511006BC319 /* View Requests */,
				4965890C1CE28DA4006BC319 /* Assets.xcassets */,
				496589701CE48F7F006BC319 /* Request */,
			);
			path = samapitan;
			sourceTree = "<group>";
		};
		4965894F1CE3B911006BC319 /* Support */ = {
			isa = PBXGroup;
			children = (
				496589051CE28DA4006BC319 /* AppDelegate.swift */,
				4965890E1CE28DA4006BC319 /* LaunchScreen.storyboard */,
				496589111CE28DA4006BC319 /* Info.plist */,
			);
			name = Support;
			sourceTree = "<group>";
		};
		496589501CE3B91D006BC319 /* Annotation */ = {
			isa = PBXGroup;
			children = (
				496589181CE2ED31006BC319 /* HelpPost.swift */,
				4965891C1CE30ABD006BC319 /* PeoplePost.swift */,
			);
			name = Annotation;
			sourceTree = "<group>";
		};
		496589591CE44511006BC319 /* View Requests */ = {
			isa = PBXGroup;
			children = (
				496589571CE44509006BC319 /* RequestsViewController.swift */,
				496589531CE443EC006BC319 /* Requests.storyboard */,
			);
			name = "View Requests";
			sourceTree = "<group>";
		};
		4965895A1CE4451F006BC319 /* Add new Request */ = {
			isa = PBXGroup;
			children = (
				496589511CE3B92E006BC319 /* CreateRequestViewController.swift */,
				496589551CE44462006BC319 /* CreateRequest.storyboard */,
			);
			name = "Add new Request";
			sourceTree = "<group>";
		};
		4965895D1CE4465D006BC319 /* Settings */ = {
			isa = PBXGroup;
			children = (
				4965891A1CE30615006BC319 /* SettingsViewController.swift */,
				4965895B1CE44621006BC319 /* Settings.storyboard */,
				496589601CE46CCA006BC319 /* SwitchTableViewCell.swift */,
			);
			name = Settings;
			sourceTree = "<group>";
		};
		496589661CE47930006BC319 /* Profile */ = {
			isa = PBXGroup;
			children = (
				496589641CE4792C006BC319 /* Profile.storyboard */,
				496589671CE4799B006BC319 /* ProfileViewController.swift */,
				4965896A1CE47E19006BC319 /* ContactTableViewCell.swift */,
			);
			name = Profile;
			sourceTree = "<group>";
		};
		496589701CE48F7F006BC319 /* Request */ = {
			isa = PBXGroup;
			children = (
				4965896C1CE48F4B006BC319 /* RequestViewController.swift */,
				4965896E1CE48F6E006BC319 /* Request.storyboard */,
			);
			name = Request;
			sourceTree = "<group>";
		};
/* End PBXGroup section */

/* Begin PBXNativeTarget section */
		496589011CE28DA4006BC319 /* samapitan */ = {
			isa = PBXNativeTarget;
			buildConfigurationList = 496589141CE28DA4006BC319 /* Build configuration list for PBXNativeTarget "samapitan" */;
			buildPhases = (
				496588FE1CE28DA4006BC319 /* Sources */,
				496588FF1CE28DA4006BC319 /* Frameworks */,
				496589001CE28DA4006BC319 /* Resources */,
			);
			buildRules = (
			);
			dependencies = (
			);
			name = samapitan;
			productName = samapitan;
			productReference = 496589021CE28DA4006BC319 /* samapitan.app */;
			productType = "com.apple.product-type.application";
		};
/* End PBXNativeTarget section */

/* Begin PBXProject section */
		496588FA1CE28DA3006BC319 /* Project object */ = {
			isa = PBXProject;
			attributes = {
				LastSwiftUpdateCheck = 0730;
				LastUpgradeCheck = 0730;
				ORGANIZATIONNAME = "Fang Industries";
				TargetAttributes = {
					496589011CE28DA4006BC319 = {
						CreatedOnToolsVersion = 7.3;
					};
				};
			};
			buildConfigurationList = 496588FD1CE28DA3006BC319 /* Build configuration list for PBXProject "samapitan" */;
			compatibilityVersion = "Xcode 3.2";
			developmentRegion = English;
			hasScannedForEncodings = 0;
			knownRegions = (
				en,
				Base,
			);
			mainGroup = 496588F91CE28DA3006BC319;
			productRefGroup = 496589031CE28DA4006BC319 /* Products */;
			projectDirPath = "";
			projectRoot = "";
			targets = (
				496589011CE28DA4006BC319 /* samapitan */,
			);
		};
/* End PBXProject section */

/* Begin PBXResourcesBuildPhase section */
		496589001CE28DA4006BC319 /* Resources */ = {
			isa = PBXResourcesBuildPhase;
			buildActionMask = 2147483647;
			files = (
				4965895C1CE44621006BC319 /* Settings.storyboard in Resources */,
				496589101CE28DA4006BC319 /* LaunchScreen.storyboard in Resources */,
				4965896F1CE48F6E006BC319 /* Request.storyboard in Resources */,
				4965890D1CE28DA4006BC319 /* Assets.xcassets in Resources */,
				496589541CE443EC006BC319 /* Requests.storyboard in Resources */,
				496589561CE44462006BC319 /* CreateRequest.storyboard in Resources */,
				496589651CE4792C006BC319 /* Profile.storyboard in Resources */,
				4965890B1CE28DA4006BC319 /* Main.storyboard in Resources */,
			);
			runOnlyForDeploymentPostprocessing = 0;
		};
/* End PBXResourcesBuildPhase section */

/* Begin PBXSourcesBuildPhase section */
		496588FE1CE28DA4006BC319 /* Sources */ = {
			isa = PBXSourcesBuildPhase;
			buildActionMask = 2147483647;
			files = (
				496589581CE44509006BC319 /* RequestsViewController.swift in Sources */,
				4965895F1CE46A03006BC319 /* UIColor+sampaitan.swift in Sources */,
				4965896D1CE48F4B006BC319 /* RequestViewController.swift in Sources */,
				4965896B1CE47E19006BC319 /* ContactTableViewCell.swift in Sources */,
				496589681CE4799B006BC319 /* ProfileViewController.swift in Sources */,
				496589521CE3B92E006BC319 /* CreateRequestViewController.swift in Sources */,
				4965891D1CE30ABD006BC319 /* PeoplePost.swift in Sources */,
				496589081CE28DA4006BC319 /* ViewController.swift in Sources */,
				496589611CE46CCA006BC319 /* SwitchTableViewCell.swift in Sources */,
				496589061CE28DA4006BC319 /* AppDelegate.swift in Sources */,
				4965891B1CE30615006BC319 /* SettingsViewController.swift in Sources */,
				496589191CE2ED31006BC319 /* HelpPost.swift in Sources */,
			);
			runOnlyForDeploymentPostprocessing = 0;
		};
/* End PBXSourcesBuildPhase section */

/* Begin PBXVariantGroup section */
		496589091CE28DA4006BC319 /* Main.storyboard */ = {
			isa = PBXVariantGroup;
			children = (
				4965890A1CE28DA4006BC319 /* Base */,
			);
			name = Main.storyboard;
			sourceTree = "<group>";
		};
		4965890E1CE28DA4006BC319 /* LaunchScreen.storyboard */ = {
			isa = PBXVariantGroup;
			children = (
				4965890F1CE28DA4006BC319 /* Base */,
			);
			name = LaunchScreen.storyboard;
			sourceTree = "<group>";
		};
/* End PBXVariantGroup section */

/* Begin XCBuildConfiguration section */
		496589121CE28DA4006BC319 /* Debug */ = {
			isa = XCBuildConfiguration;
			buildSettings = {
				ALWAYS_SEARCH_USER_PATHS = NO;
				CLANG_ANALYZER_NONNULL = YES;
				CLANG_CXX_LANGUAGE_STANDARD = "gnu++0x";
				CLANG_CXX_LIBRARY = "libc++";
				CLANG_ENABLE_MODULES = YES;
				CLANG_ENABLE_OBJC_ARC = YES;
				CLANG_WARN_BOOL_CONVERSION = YES;
				CLANG_WARN_CONSTANT_CONVERSION = YES;
				CLANG_WARN_DIRECT_OBJC_ISA_USAGE = YES_ERROR;
				CLANG_WARN_EMPTY_BODY = YES;
				CLANG_WARN_ENUM_CONVERSION = YES;
				CLANG_WARN_INT_CONVERSION = YES;
				CLANG_WARN_OBJC_ROOT_CLASS = YES_ERROR;
				CLANG_WARN_UNREACHABLE_CODE = YES;
				CLANG_WARN__DUPLICATE_METHOD_MATCH = YES;
				"CODE_SIGN_IDENTITY[sdk=iphoneos*]" = "iPhone Developer";
				COPY_PHASE_STRIP = NO;
				DEBUG_INFORMATION_FORMAT = dwarf;
				ENABLE_STRICT_OBJC_MSGSEND = YES;
				ENABLE_TESTABILITY = YES;
				GCC_C_LANGUAGE_STANDARD = gnu99;
				GCC_DYNAMIC_NO_PIC = NO;
				GCC_NO_COMMON_BLOCKS = YES;
				GCC_OPTIMIZATION_LEVEL = 0;
				GCC_PREPROCESSOR_DEFINITIONS = (
					"DEBUG=1",
					"$(inherited)",
				);
				GCC_WARN_64_TO_32_BIT_CONVERSION = YES;
				GCC_WARN_ABOUT_RETURN_TYPE = YES_ERROR;
				GCC_WARN_UNDECLARED_SELECTOR = YES;
				GCC_WARN_UNINITIALIZED_AUTOS = YES_AGGRESSIVE;
				GCC_WARN_UNUSED_FUNCTION = YES;
				GCC_WARN_UNUSED_VARIABLE = YES;
				IPHONEOS_DEPLOYMENT_TARGET = 9.3;
				MTL_ENABLE_DEBUG_INFO = YES;
				ONLY_ACTIVE_ARCH = YES;
				SDKROOT = iphoneos;
				SWIFT_OPTIMIZATION_LEVEL = "-Onone";
				TARGETED_DEVICE_FAMILY = "1,2";
			};
			name = Debug;
		};
		496589131CE28DA4006BC319 /* Release */ = {
			isa = XCBuildConfiguration;
			buildSettings = {
				ALWAYS_SEARCH_USER_PATHS = NO;
				CLANG_ANALYZER_NONNULL = YES;
				CLANG_CXX_LANGUAGE_STANDARD = "gnu++0x";
				CLANG_CXX_LIBRARY = "libc++";
				CLANG_ENABLE_MODULES = YES;
				CLANG_ENABLE_OBJC_ARC = YES;
				CLANG_WARN_BOOL_CONVERSION = YES;
				CLANG_WARN_CONSTANT_CONVERSION = YES;
				CLANG_WARN_DIRECT_OBJC_ISA_USAGE = YES_ERROR;
				CLANG_WARN_EMPTY_BODY = YES;
				CLANG_WARN_ENUM_CONVERSION = YES;
				CLANG_WARN_INT_CONVERSION = YES;
				CLANG_WARN_OBJC_ROOT_CLASS = YES_ERROR;
				CLANG_WARN_UNREACHABLE_CODE = YES;
				CLANG_WARN__DUPLICATE_METHOD_MATCH = YES;
				"CODE_SIGN_IDENTITY[sdk=iphoneos*]" = "iPhone Developer";
				COPY_PHASE_STRIP = NO;
				DEBUG_INFORMATION_FORMAT = "dwarf-with-dsym";
				ENABLE_NS_ASSERTIONS = NO;
				ENABLE_STRICT_OBJC_MSGSEND = YES;
				GCC_C_LANGUAGE_STANDARD = gnu99;
				GCC_NO_COMMON_BLOCKS = YES;
				GCC_WARN_64_TO_32_BIT_CONVERSION = YES;
				GCC_WARN_ABOUT_RETURN_TYPE = YES_ERROR;
				GCC_WARN_UNDECLARED_SELECTOR = YES;
				GCC_WARN_UNINITIALIZED_AUTOS = YES_AGGRESSIVE;
				GCC_WARN_UNUSED_FUNCTION = YES;
				GCC_WARN_UNUSED_VARIABLE = YES;
				IPHONEOS_DEPLOYMENT_TARGET = 9.3;
				MTL_ENABLE_DEBUG_INFO = NO;
				SDKROOT = iphoneos;
				TARGETED_DEVICE_FAMILY = "1,2";
				VALIDATE_PRODUCT = YES;
			};
			name = Release;
		};
		496589151CE28DA4006BC319 /* Debug */ = {
			isa = XCBuildConfiguration;
			buildSettings = {
				ASSETCATALOG_COMPILER_APPICON_NAME = AppIcon;
				INFOPLIST_FILE = samapitan/Info.plist;
				LD_RUNPATH_SEARCH_PATHS = "$(inherited) @executable_path/Frameworks";
				PRODUCT_BUNDLE_IDENTIFIER = com.andrewbfang.samapitan;
				PRODUCT_NAME = "$(TARGET_NAME)";
			};
			name = Debug;
		};
		496589161CE28DA4006BC319 /* Release */ = {
			isa = XCBuildConfiguration;
			buildSettings = {
				ASSETCATALOG_COMPILER_APPICON_NAME = AppIcon;
				INFOPLIST_FILE = samapitan/Info.plist;
				LD_RUNPATH_SEARCH_PATHS = "$(inherited) @executable_path/Frameworks";
				PRODUCT_BUNDLE_IDENTIFIER = com.andrewbfang.samapitan;
				PRODUCT_NAME = "$(TARGET_NAME)";
			};
			name = Release;
		};
/* End XCBuildConfiguration section */

/* Begin XCConfigurationList section */
		496588FD1CE28DA3006BC319 /* Build configuration list for PBXProject "samapitan" */ = {
			isa = XCConfigurationList;
			buildConfigurations = (
				496589121CE28DA4006BC319 /* Debug */,
				496589131CE28DA4006BC319 /* Release */,
			);
			defaultConfigurationIsVisible = 0;
			defaultConfigurationName = Release;
		};
		496589141CE28DA4006BC319 /* Build configuration list for PBXNativeTarget "samapitan" */ = {
			isa = XCConfigurationList;
			buildConfigurations = (
				496589151CE28DA4006BC319 /* Debug */,
				496589161CE28DA4006BC319 /* Release */,
			);
			defaultConfigurationIsVisible = 0;
			defaultConfigurationName = Release;
		};
/* End XCConfigurationList section */
	};
	rootObject = 496588FA1CE28DA3006BC319 /* Project object */;
}
